
Microsoft Visual Studio Solution File, Format Version 12.00
# Visual Studio Version 17
VisualStudioVersion = 17.4.33110.190
MinimumVisualStudioVersion = 10.0.40219.1
Project("{9A19103F-16F7-4668-BE54-9A1E7A4F7556}") = "CollectorRegistry.Server", "CollectorRegistry\Server\CollectorRegistry.Server.csproj", "{9D91CBB1-F9F8-4CAE-AAF1-6BE1DEF3008E}"
EndProject
Project("{9A19103F-16F7-4668-BE54-9A1E7A4F7556}") = "CollectorRegistry.Client", "CollectorRegistry\Client\CollectorRegistry.Client.csproj", "{32C6E87F-F21A-4FE5-B16A-F454534BBD30}"
EndProject
Project("{9A19103F-16F7-4668-BE54-9A1E7A4F7556}") = "CollectorRegistry.Shared", "CollectorRegistry\Shared\CollectorRegistry.Shared.csproj", "{24243C24-6A07-49E1-9AD1-CEE6F2933DEC}"
EndProject
Project("{2150E333-8FDC-42A3-9474-1A3956D46DE8}") = "scripts", "scripts", "{CA353AAA-393D-491D-A87A-A44BAEB8114C}"
	ProjectSection(SolutionItems) = preProject
		scripts\dev_seed.sql = scripts\dev_seed.sql
	EndProjectSection
EndProject
Project("{2150E333-8FDC-42A3-9474-1A3956D46DE8}") = "doc", "doc", "{C5DC978E-0F7F-4066-9958-AC48D9FF99C7}"
	ProjectSection(SolutionItems) = preProject
		doc\devnotes.md = doc\devnotes.md
		doc\svoregistry_20221202.psql = doc\svoregistry_20221202.psql
	EndProjectSection
EndProject
Project("{2150E333-8FDC-42A3-9474-1A3956D46DE8}") = "Solution Items", "Solution Items", "{2406396C-318B-4070-87E3-AB0ED9377436}"
	ProjectSection(SolutionItems) = preProject
		.editorconfig = .editorconfig
		README.md = README.md
	EndProjectSection
EndProject
Project("{9A19103F-16F7-4668-BE54-9A1E7A4F7556}") = "GeocodeConsole", "GeocodeConsole\GeocodeConsole.csproj", "{0F30CECF-3F79-4982-82FD-A5AAA693821A}"
EndProject
Project("{9A19103F-16F7-4668-BE54-9A1E7A4F7556}") = "CollectorRegistry.MessageBroker", "CollectorRegistry.MessageBroker\CollectorRegistry.MessageBroker.csproj", "{7D884165-25F0-4F19-B0BD-BEBFDBD83C8C}"
EndProject
Project("{FAE04EC0-301F-11D3-BF4B-00C04F79EFBC}") = "CollectorRegistry.GeocodeService", "CollectorRegistry.GeocodeService\CollectorRegistry.GeocodeService.csproj", "{7999A783-A69D-44DC-9E93-319CE165D29B}"
EndProject
Global
	GlobalSection(SolutionConfigurationPlatforms) = preSolution
		Debug|Any CPU = Debug|Any CPU
		Release|Any CPU = Release|Any CPU
	EndGlobalSection
	GlobalSection(ProjectConfigurationPlatforms) = postSolution
		{9D91CBB1-F9F8-4CAE-AAF1-6BE1DEF3008E}.Debug|Any CPU.ActiveCfg = Debug|Any CPU
		{9D91CBB1-F9F8-4CAE-AAF1-6BE1DEF3008E}.Debug|Any CPU.Build.0 = Debug|Any CPU
		{9D91CBB1-F9F8-4CAE-AAF1-6BE1DEF3008E}.Release|Any CPU.ActiveCfg = Release|Any CPU
		{9D91CBB1-F9F8-4CAE-AAF1-6BE1DEF3008E}.Release|Any CPU.Build.0 = Release|Any CPU
		{32C6E87F-F21A-4FE5-B16A-F454534BBD30}.Debug|Any CPU.ActiveCfg = Debug|Any CPU
		{32C6E87F-F21A-4FE5-B16A-F454534BBD30}.Debug|Any CPU.Build.0 = Debug|Any CPU
		{32C6E87F-F21A-4FE5-B16A-F454534BBD30}.Release|Any CPU.ActiveCfg = Release|Any CPU
		{32C6E87F-F21A-4FE5-B16A-F454534BBD30}.Release|Any CPU.Build.0 = Release|Any CPU
		{24243C24-6A07-49E1-9AD1-CEE6F2933DEC}.Debug|Any CPU.ActiveCfg = Debug|Any CPU
		{24243C24-6A07-49E1-9AD1-CEE6F2933DEC}.Debug|Any CPU.Build.0 = Debug|Any CPU
		{24243C24-6A07-49E1-9AD1-CEE6F2933DEC}.Release|Any CPU.ActiveCfg = Release|Any CPU
		{24243C24-6A07-49E1-9AD1-CEE6F2933DEC}.Release|Any CPU.Build.0 = Release|Any CPU
		{0F30CECF-3F79-4982-82FD-A5AAA693821A}.Debug|Any CPU.ActiveCfg = Debug|Any CPU
		{0F30CECF-3F79-4982-82FD-A5AAA693821A}.Debug|Any CPU.Build.0 = Debug|Any CPU
		{0F30CECF-3F79-4982-82FD-A5AAA693821A}.Release|Any CPU.ActiveCfg = Release|Any CPU
		{0F30CECF-3F79-4982-82FD-A5AAA693821A}.Release|Any CPU.Build.0 = Release|Any CPU
		{7D884165-25F0-4F19-B0BD-BEBFDBD83C8C}.Debug|Any CPU.ActiveCfg = Debug|Any CPU
		{7D884165-25F0-4F19-B0BD-BEBFDBD83C8C}.Debug|Any CPU.Build.0 = Debug|Any CPU
		{7D884165-25F0-4F19-B0BD-BEBFDBD83C8C}.Release|Any CPU.ActiveCfg = Release|Any CPU
		{7D884165-25F0-4F19-B0BD-BEBFDBD83C8C}.Release|Any CPU.Build.0 = Release|Any CPU
		{7999A783-A69D-44DC-9E93-319CE165D29B}.Debug|Any CPU.ActiveCfg = Debug|Any CPU
		{7999A783-A69D-44DC-9E93-319CE165D29B}.Debug|Any CPU.Build.0 = Debug|Any CPU
		{7999A783-A69D-44DC-9E93-319CE165D29B}.Release|Any CPU.ActiveCfg = Release|Any CPU
		{7999A783-A69D-44DC-9E93-319CE165D29B}.Release|Any CPU.Build.0 = Release|Any CPU
	EndGlobalSection
	GlobalSection(SolutionProperties) = preSolution
		HideSolutionNode = FALSE
	EndGlobalSection
	GlobalSection(ExtensibilityGlobals) = postSolution
		SolutionGuid = {F3C24F2B-A599-491D-8774-10CE85DF2DB0}
	EndGlobalSection
EndGlobal
